// !$*UTF8*$!
{
	archiveVersion = 1;
	classes = {
	};
	objectVersion = 46;
	objects = {

/* Begin PBXBuildFile section */
		C6391A916EA4341EF4C71C1A /* libPods-DouDouStopCar.a in Frameworks */ = {isa = PBXBuildFile; fileRef = 2B8A6970C6B6D509219DB225 /* libPods-DouDouStopCar.a */; };
		D52802901E49F0C600ACB198 /* main.m in Sources */ = {isa = PBXBuildFile; fileRef = D528028F1E49F0C600ACB198 /* main.m */; };
		D52802931E49F0C600ACB198 /* AppDelegate.m in Sources */ = {isa = PBXBuildFile; fileRef = D52802921E49F0C600ACB198 /* AppDelegate.m */; };
		D52802961E49F0C700ACB198 /* ViewController.m in Sources */ = {isa = PBXBuildFile; fileRef = D52802951E49F0C700ACB198 /* ViewController.m */; };
		D52802991E49F0C700ACB198 /* Main.storyboard in Resources */ = {isa = PBXBuildFile; fileRef = D52802971E49F0C700ACB198 /* Main.storyboard */; };
		D528029B1E49F0C700ACB198 /* Assets.xcassets in Resources */ = {isa = PBXBuildFile; fileRef = D528029A1E49F0C700ACB198 /* Assets.xcassets */; };
		D528029E1E49F0C700ACB198 /* LaunchScreen.storyboard in Resources */ = {isa = PBXBuildFile; fileRef = D528029C1E49F0C700ACB198 /* LaunchScreen.storyboard */; };
		D52802C71E4A1AE300ACB198 /* DouDouBaseViewController.m in Sources */ = {isa = PBXBuildFile; fileRef = D52802C61E4A1AE300ACB198 /* DouDouBaseViewController.m */; };
		D52802CA1E4A1AF900ACB198 /* DouDouBaseTableViewController.m in Sources */ = {isa = PBXBuildFile; fileRef = D52802C91E4A1AF900ACB198 /* DouDouBaseTableViewController.m */; };
		D5348CD31E4C995D0007B9C7 /* DouDouRegisterViewController.m in Sources */ = {isa = PBXBuildFile; fileRef = D5348CD21E4C995D0007B9C7 /* DouDouRegisterViewController.m */; };
		D5348CD71E4CA3740007B9C7 /* CommonUtils.m in Sources */ = {isa = PBXBuildFile; fileRef = D5348CD61E4CA3740007B9C7 /* CommonUtils.m */; };
		D5AF80EC1E4B4C70006C7AF3 /* DouDouLoginViewController.m in Sources */ = {isa = PBXBuildFile; fileRef = D5AF80EB1E4B4C70006C7AF3 /* DouDouLoginViewController.m */; };
/* End PBXBuildFile section */

/* Begin PBXFileReference section */
		2B8A6970C6B6D509219DB225 /* libPods-DouDouStopCar.a */ = {isa = PBXFileReference; explicitFileType = archive.ar; includeInIndex = 0; path = "libPods-DouDouStopCar.a"; sourceTree = BUILT_PRODUCTS_DIR; };
		7F0E0DD1A60272981EB011D8 /* Pods-DouDouStopCar.release.xcconfig */ = {isa = PBXFileReference; includeInIndex = 1; lastKnownFileType = text.xcconfig; name = "Pods-DouDouStopCar.release.xcconfig"; path = "Pods/Target Support Files/Pods-DouDouStopCar/Pods-DouDouStopCar.release.xcconfig"; sourceTree = "<group>"; };
		BDC15C8297CC9A9F9F13BE81 /* Pods-DouDouStopCar.debug.xcconfig */ = {isa = PBXFileReference; includeInIndex = 1; lastKnownFileType = text.xcconfig; name = "Pods-DouDouStopCar.debug.xcconfig"; path = "Pods/Target Support Files/Pods-DouDouStopCar/Pods-DouDouStopCar.debug.xcconfig"; sourceTree = "<group>"; };
		D528028B1E49F0C600ACB198 /* DouDouStopCar.app */ = {isa = PBXFileReference; explicitFileType = wrapper.application; includeInIndex = 0; path = DouDouStopCar.app; sourceTree = BUILT_PRODUCTS_DIR; };
		D528028F1E49F0C600ACB198 /* main.m */ = {isa = PBXFileReference; lastKnownFileType = sourcecode.c.objc; path = main.m; sourceTree = "<group>"; };
		D52802911E49F0C600ACB198 /* AppDelegate.h */ = {isa = PBXFileReference; lastKnownFileType = sourcecode.c.h; path = AppDelegate.h; sourceTree = "<group>"; };
		D52802921E49F0C600ACB198 /* AppDelegate.m */ = {isa = PBXFileReference; lastKnownFileType = sourcecode.c.objc; path = AppDelegate.m; sourceTree = "<group>"; };
		D52802941E49F0C700ACB198 /* ViewController.h */ = {isa = PBXFileReference; lastKnownFileType = sourcecode.c.h; path = ViewController.h; sourceTree = "<group>"; };
		D52802951E49F0C700ACB198 /* ViewController.m */ = {isa = PBXFileReference; lastKnownFileType = sourcecode.c.objc; path = ViewController.m; sourceTree = "<group>"; };
		D52802981E49F0C700ACB198 /* Base */ = {isa = PBXFileReference; lastKnownFileType = file.storyboard; name = Base; path = Base.lproj/Main.storyboard; sourceTree = "<group>"; };
		D528029A1E49F0C700ACB198 /* Assets.xcassets */ = {isa = PBXFileReference; lastKnownFileType = folder.assetcatalog; path = Assets.xcassets; sourceTree = "<group>"; };
		D528029D1E49F0C700ACB198 /* Base */ = {isa = PBXFileReference; lastKnownFileType = file.storyboard; name = Base; path = Base.lproj/LaunchScreen.storyboard; sourceTree = "<group>"; };
		D528029F1E49F0C700ACB198 /* Info.plist */ = {isa = PBXFileReference; lastKnownFileType = text.plist.xml; path = Info.plist; sourceTree = "<group>"; };
		D52802BD1E4A194600ACB198 /* DouDouStopCar-Prefix.pch */ = {isa = PBXFileReference; lastKnownFileType = sourcecode.c.h; path = "DouDouStopCar-Prefix.pch"; sourceTree = "<group>"; };
		D52802C41E4A1A2500ACB198 /* AppDefine.h */ = {isa = PBXFileReference; lastKnownFileType = sourcecode.c.h; path = AppDefine.h; sourceTree = "<group>"; };
		D52802C51E4A1AE300ACB198 /* DouDouBaseViewController.h */ = {isa = PBXFileReference; fileEncoding = 4; lastKnownFileType = sourcecode.c.h; path = DouDouBaseViewController.h; sourceTree = "<group>"; };
		D52802C61E4A1AE300ACB198 /* DouDouBaseViewController.m */ = {isa = PBXFileReference; fileEncoding = 4; lastKnownFileType = sourcecode.c.objc; path = DouDouBaseViewController.m; sourceTree = "<group>"; };
		D52802C81E4A1AF900ACB198 /* DouDouBaseTableViewController.h */ = {isa = PBXFileReference; fileEncoding = 4; lastKnownFileType = sourcecode.c.h; path = DouDouBaseTableViewController.h; sourceTree = "<group>"; };
		D52802C91E4A1AF900ACB198 /* DouDouBaseTableViewController.m */ = {isa = PBXFileReference; fileEncoding = 4; lastKnownFileType = sourcecode.c.objc; path = DouDouBaseTableViewController.m; sourceTree = "<group>"; };
		D5348CD11E4C995D0007B9C7 /* DouDouRegisterViewController.h */ = {isa = PBXFileReference; fileEncoding = 4; lastKnownFileType = sourcecode.c.h; path = DouDouRegisterViewController.h; sourceTree = "<group>"; };
		D5348CD21E4C995D0007B9C7 /* DouDouRegisterViewController.m */ = {isa = PBXFileReference; fileEncoding = 4; lastKnownFileType = sourcecode.c.objc; path = DouDouRegisterViewController.m; sourceTree = "<group>"; };
		D5348CD51E4CA3740007B9C7 /* CommonUtils.h */ = {isa = PBXFileReference; fileEncoding = 4; lastKnownFileType = sourcecode.c.h; path = CommonUtils.h; sourceTree = "<group>"; };
		D5348CD61E4CA3740007B9C7 /* CommonUtils.m */ = {isa = PBXFileReference; fileEncoding = 4; lastKnownFileType = sourcecode.c.objc; path = CommonUtils.m; sourceTree = "<group>"; };
		D5AF80EA1E4B4C70006C7AF3 /* DouDouLoginViewController.h */ = {isa = PBXFileReference; fileEncoding = 4; lastKnownFileType = sourcecode.c.h; path = DouDouLoginViewController.h; sourceTree = "<group>"; };
		D5AF80EB1E4B4C70006C7AF3 /* DouDouLoginViewController.m */ = {isa = PBXFileReference; fileEncoding = 4; lastKnownFileType = sourcecode.c.objc; path = DouDouLoginViewController.m; sourceTree = "<group>"; };
/* End PBXFileReference section */

/* Begin PBXFrameworksBuildPhase section */
		D52802881E49F0C600ACB198 /* Frameworks */ = {
			isa = PBXFrameworksBuildPhase;
			buildActionMask = 2147483647;
			files = (
				C6391A916EA4341EF4C71C1A /* libPods-DouDouStopCar.a in Frameworks */,
			);
			runOnlyForDeploymentPostprocessing = 0;
		};
/* End PBXFrameworksBuildPhase section */

/* Begin PBXGroup section */
		D52802821E49F0C600ACB198 = {
			isa = PBXGroup;
			children = (
				D528028D1E49F0C600ACB198 /* DouDouStopCar */,
				D528028C1E49F0C600ACB198 /* Products */,
				E926A4D239D11391FA47A200 /* Pods */,
				D56A88F7182A652FE14923A1 /* Frameworks */,
			);
			sourceTree = "<group>";
		};
		D528028C1E49F0C600ACB198 /* Products */ = {
			isa = PBXGroup;
			children = (
				D528028B1E49F0C600ACB198 /* DouDouStopCar.app */,
			);
			name = Products;
			sourceTree = "<group>";
		};
		D528028D1E49F0C600ACB198 /* DouDouStopCar */ = {
			isa = PBXGroup;
			children = (
				D52802911E49F0C600ACB198 /* AppDelegate.h */,
				D52802921E49F0C600ACB198 /* AppDelegate.m */,
				D52802941E49F0C700ACB198 /* ViewController.h */,
				D52802951E49F0C700ACB198 /* ViewController.m */,
				D52802971E49F0C700ACB198 /* Main.storyboard */,
				D528029A1E49F0C700ACB198 /* Assets.xcassets */,
				D528029C1E49F0C700ACB198 /* LaunchScreen.storyboard */,
				D528029F1E49F0C700ACB198 /* Info.plist */,
				D52802BD1E4A194600ACB198 /* DouDouStopCar-Prefix.pch */,
				D52802BF1E4A1A0000ACB198 /* AppGeneral */,
				D52802BE1E4A19B900ACB198 /* Library */,
				D52802C31E4A1A0900ACB198 /* Module */,
				D528028E1E49F0C600ACB198 /* Supporting Files */,
			);
			path = DouDouStopCar;
			sourceTree = "<group>";
		};
		D528028E1E49F0C600ACB198 /* Supporting Files */ = {
			isa = PBXGroup;
			children = (
				D528028F1E49F0C600ACB198 /* main.m */,
			);
			name = "Supporting Files";
			sourceTree = "<group>";
		};
		D52802BE1E4A19B900ACB198 /* Library */ = {
			isa = PBXGroup;
			children = (
			);
			path = Library;
			sourceTree = "<group>";
		};
		D52802BF1E4A1A0000ACB198 /* AppGeneral */ = {
			isa = PBXGroup;
			children = (
				D5348CD41E4CA3450007B9C7 /* AppTools */,
				D52802C01E4A1A0000ACB198 /* AppDao */,
				D52802C11E4A1A0000ACB198 /* AppDefine */,
				D52802C21E4A1A0000ACB198 /* AppEngine */,
			);
			path = AppGeneral;
			sourceTree = "<group>";
		};
		D52802C01E4A1A0000ACB198 /* AppDao */ = {
			isa = PBXGroup;
			children = (
			);
			path = AppDao;
			sourceTree = "<group>";
		};
		D52802C11E4A1A0000ACB198 /* AppDefine */ = {
			isa = PBXGroup;
			children = (
				D52802C41E4A1A2500ACB198 /* AppDefine.h */,
			);
			path = AppDefine;
			sourceTree = "<group>";
		};
		D52802C21E4A1A0000ACB198 /* AppEngine */ = {
			isa = PBXGroup;
			children = (
				D52802C51E4A1AE300ACB198 /* DouDouBaseViewController.h */,
				D52802C61E4A1AE300ACB198 /* DouDouBaseViewController.m */,
				D52802C81E4A1AF900ACB198 /* DouDouBaseTableViewController.h */,
				D52802C91E4A1AF900ACB198 /* DouDouBaseTableViewController.m */,
			);
			path = AppEngine;
			sourceTree = "<group>";
		};
		D52802C31E4A1A0900ACB198 /* Module */ = {
			isa = PBXGroup;
			children = (
				D5AF80D61E4B47EB006C7AF3 /* Home */,
				D5AF80D71E4B47EB006C7AF3 /* Login */,
				D5AF80D81E4B47EB006C7AF3 /* MemberCenter */,
				D5AF80D91E4B47EB006C7AF3 /* Message */,
			);
			path = Module;
			sourceTree = "<group>";
		};
		D5348CD41E4CA3450007B9C7 /* AppTools */ = {
			isa = PBXGroup;
			children = (
				D5348CD51E4CA3740007B9C7 /* CommonUtils.h */,
				D5348CD61E4CA3740007B9C7 /* CommonUtils.m */,
			);
			path = AppTools;
			sourceTree = "<group>";
		};
		D56A88F7182A652FE14923A1 /* Frameworks */ = {
			isa = PBXGroup;
			children = (
				2B8A6970C6B6D509219DB225 /* libPods-DouDouStopCar.a */,
			);
			name = Frameworks;
			sourceTree = "<group>";
		};
		D5AF80D61E4B47EB006C7AF3 /* Home */ = {
			isa = PBXGroup;
			children = (
				D5AF80DA1E4B4834006C7AF3 /* Model */,
				D5AF80DB1E4B4834006C7AF3 /* View */,
				D5AF80DC1E4B4834006C7AF3 /* ViewController */,
				D5AF80DD1E4B4834006C7AF3 /* ViewModel */,
			);
			path = Home;
			sourceTree = "<group>";
		};
		D5AF80D71E4B47EB006C7AF3 /* Login */ = {
			isa = PBXGroup;
			children = (
				D5AF80DE1E4B483C006C7AF3 /* Model */,
				D5AF80DF1E4B483C006C7AF3 /* View */,
				D5AF80E01E4B483C006C7AF3 /* ViewController */,
				D5AF80E11E4B483C006C7AF3 /* ViewModel */,
			);
			path = Login;
			sourceTree = "<group>";
		};
		D5AF80D81E4B47EB006C7AF3 /* MemberCenter */ = {
			isa = PBXGroup;
			children = (
				D5AF80E21E4B4845006C7AF3 /* Model */,
				D5AF80E31E4B4845006C7AF3 /* View */,
				D5AF80E41E4B4845006C7AF3 /* ViewController */,
				D5AF80E51E4B4845006C7AF3 /* ViewModel */,
			);
			path = MemberCenter;
			sourceTree = "<group>";
		};
		D5AF80D91E4B47EB006C7AF3 /* Message */ = {
			isa = PBXGroup;
			children = (
				D5AF80E61E4B484E006C7AF3 /* Model */,
				D5AF80E71E4B484E006C7AF3 /* View */,
				D5AF80E81E4B484E006C7AF3 /* ViewController */,
				D5AF80E91E4B484E006C7AF3 /* ViewModel */,
			);
			path = Message;
			sourceTree = "<group>";
		};
		D5AF80DA1E4B4834006C7AF3 /* Model */ = {
			isa = PBXGroup;
			children = (
			);
			path = Model;
			sourceTree = "<group>";
		};
		D5AF80DB1E4B4834006C7AF3 /* View */ = {
			isa = PBXGroup;
			children = (
			);
			path = View;
			sourceTree = "<group>";
		};
		D5AF80DC1E4B4834006C7AF3 /* ViewController */ = {
			isa = PBXGroup;
			children = (
			);
			path = ViewController;
			sourceTree = "<group>";
		};
		D5AF80DD1E4B4834006C7AF3 /* ViewModel */ = {
			isa = PBXGroup;
			children = (
			);
			path = ViewModel;
			sourceTree = "<group>";
		};
		D5AF80DE1E4B483C006C7AF3 /* Model */ = {
			isa = PBXGroup;
			children = (
			);
			path = Model;
			sourceTree = "<group>";
		};
		D5AF80DF1E4B483C006C7AF3 /* View */ = {
			isa = PBXGroup;
			children = (
			);
			path = View;
			sourceTree = "<group>";
		};
		D5AF80E01E4B483C006C7AF3 /* ViewController */ = {
			isa = PBXGroup;
			children = (
				D5AF80EA1E4B4C70006C7AF3 /* DouDouLoginViewController.h */,
				D5AF80EB1E4B4C70006C7AF3 /* DouDouLoginViewController.m */,
				D5348CD11E4C995D0007B9C7 /* DouDouRegisterViewController.h */,
				D5348CD21E4C995D0007B9C7 /* DouDouRegisterViewController.m */,
			);
			path = ViewController;
			sourceTree = "<group>";
		};
		D5AF80E11E4B483C006C7AF3 /* ViewModel */ = {
			isa = PBXGroup;
			children = (
			);
			path = ViewModel;
			sourceTree = "<group>";
		};
		D5AF80E21E4B4845006C7AF3 /* Model */ = {
			isa = PBXGroup;
			children = (
			);
			path = Model;
			sourceTree = "<group>";
		};
		D5AF80E31E4B4845006C7AF3 /* View */ = {
			isa = PBXGroup;
			children = (
			);
			path = View;
			sourceTree = "<group>";
		};
		D5AF80E41E4B4845006C7AF3 /* ViewController */ = {
			isa = PBXGroup;
			children = (
			);
			path = ViewController;
			sourceTree = "<group>";
		};
		D5AF80E51E4B4845006C7AF3 /* ViewModel */ = {
			isa = PBXGroup;
			children = (
			);
			path = ViewModel;
			sourceTree = "<group>";
		};
		D5AF80E61E4B484E006C7AF3 /* Model */ = {
			isa = PBXGroup;
			children = (
			);
			path = Model;
			sourceTree = "<group>";
		};
		D5AF80E71E4B484E006C7AF3 /* View */ = {
			isa = PBXGroup;
			children = (
			);
			path = View;
			sourceTree = "<group>";
		};
		D5AF80E81E4B484E006C7AF3 /* ViewController */ = {
			isa = PBXGroup;
			children = (
			);
			path = ViewController;
			sourceTree = "<group>";
		};
		D5AF80E91E4B484E006C7AF3 /* ViewModel */ = {
			isa = PBXGroup;
			children = (
			);
			path = ViewModel;
			sourceTree = "<group>";
		};
		E926A4D239D11391FA47A200 /* Pods */ = {
			isa = PBXGroup;
			children = (
				BDC15C8297CC9A9F9F13BE81 /* Pods-DouDouStopCar.debug.xcconfig */,
				7F0E0DD1A60272981EB011D8 /* Pods-DouDouStopCar.release.xcconfig */,
			);
			name = Pods;
			sourceTree = "<group>";
		};
/* End PBXGroup section */

/* Begin PBXNativeTarget section */
		D528028A1E49F0C600ACB198 /* DouDouStopCar */ = {
			isa = PBXNativeTarget;
			buildConfigurationList = D52802A21E49F0C700ACB198 /* Build configuration list for PBXNativeTarget "DouDouStopCar" */;
			buildPhases = (
				C5D304BEBBBD9089F0D2A9CF /* [CP] Check Pods Manifest.lock */,
				D52802871E49F0C600ACB198 /* Sources */,
				D52802881E49F0C600ACB198 /* Frameworks */,
				D52802891E49F0C600ACB198 /* Resources */,
				5A0474AD0F03FDAF5BDB40E2 /* [CP] Embed Pods Frameworks */,
				483FC2776FA70B3A43CFD6ED /* [CP] Copy Pods Resources */,
			);
			buildRules = (
			);
			dependencies = (
			);
			name = DouDouStopCar;
			productName = DouDouStopCar;
			productReference = D528028B1E49F0C600ACB198 /* DouDouStopCar.app */;
			productType = "com.apple.product-type.application";
		};
/* End PBXNativeTarget section */

/* Begin PBXProject section */
		D52802831E49F0C600ACB198 /* Project object */ = {
			isa = PBXProject;
			attributes = {
				LastUpgradeCheck = 0720;
				ORGANIZATIONNAME = Rainer;
				TargetAttributes = {
					D528028A1E49F0C600ACB198 = {
						CreatedOnToolsVersion = 7.2;
					};
				};
			};
			buildConfigurationList = D52802861E49F0C600ACB198 /* Build configuration list for PBXProject "DouDouStopCar" */;
			compatibilityVersion = "Xcode 3.2";
			developmentRegion = English;
			hasScannedForEncodings = 0;
			knownRegions = (
				en,
				Base,
			);
			mainGroup = D52802821E49F0C600ACB198;
			productRefGroup = D528028C1E49F0C600ACB198 /* Products */;
			projectDirPath = "";
			projectRoot = "";
			targets = (
				D528028A1E49F0C600ACB198 /* DouDouStopCar */,
			);
		};
/* End PBXProject section */

/* Begin PBXResourcesBuildPhase section */
		D52802891E49F0C600ACB198 /* Resources */ = {
			isa = PBXResourcesBuildPhase;
			buildActionMask = 2147483647;
			files = (
				D528029E1E49F0C700ACB198 /* LaunchScreen.storyboard in Resources */,
				D528029B1E49F0C700ACB198 /* Assets.xcassets in Resources */,
				D52802991E49F0C700ACB198 /* Main.storyboard in Resources */,
			);
			runOnlyForDeploymentPostprocessing = 0;
		};
/* End PBXResourcesBuildPhase section */

/* Begin PBXShellScriptBuildPhase section */
		483FC2776FA70B3A43CFD6ED /* [CP] Copy Pods Resources */ = {
			isa = PBXShellScriptBuildPhase;
			buildActionMask = 2147483647;
			files = (
			);
			inputPaths = (
			);
			name = "[CP] Copy Pods Resources";
			outputPaths = (
			);
			runOnlyForDeploymentPostprocessing = 0;
			shellPath = /bin/sh;
			shellScript = "\"${SRCROOT}/Pods/Target Support Files/Pods-DouDouStopCar/Pods-DouDouStopCar-resources.sh\"\n";
			showEnvVarsInLog = 0;
		};
		5A0474AD0F03FDAF5BDB40E2 /* [CP] Embed Pods Frameworks */ = {
			isa = PBXShellScriptBuildPhase;
			buildActionMask = 2147483647;
			files = (
			);
			inputPaths = (
			);
			name = "[CP] Embed Pods Frameworks";
			outputPaths = (
			);
			runOnlyForDeploymentPostprocessing = 0;
			shellPath = /bin/sh;
			shellScript = "\"${SRCROOT}/Pods/Target Support Files/Pods-DouDouStopCar/Pods-DouDouStopCar-frameworks.sh\"\n";
			showEnvVarsInLog = 0;
		};
		C5D304BEBBBD9089F0D2A9CF /* [CP] Check Pods Manifest.lock */ = {
			isa = PBXShellScriptBuildPhase;
			buildActionMask = 2147483647;
			files = (
			);
			inputPaths = (
			);
			name = "[CP] Check Pods Manifest.lock";
			outputPaths = (
			);
			runOnlyForDeploymentPostprocessing = 0;
			shellPath = /bin/sh;
			shellScript = "diff \"${PODS_ROOT}/../Podfile.lock\" \"${PODS_ROOT}/Manifest.lock\" > /dev/null\nif [ $? != 0 ] ; then\n    # print error to STDERR\n    echo \"error: The sandbox is not in sync with the Podfile.lock. Run 'pod install' or update your CocoaPods installation.\" >&2\n    exit 1\nfi\n";
			showEnvVarsInLog = 0;
		};
/* End PBXShellScriptBuildPhase section */

/* Begin PBXSourcesBuildPhase section */
		D52802871E49F0C600ACB198 /* Sources */ = {
			isa = PBXSourcesBuildPhase;
			buildActionMask = 2147483647;
			files = (
				D52802961E49F0C700ACB198 /* ViewController.m in Sources */,
				D52802931E49F0C600ACB198 /* AppDelegate.m in Sources */,
				D5348CD71E4CA3740007B9C7 /* CommonUtils.m in Sources */,
				D52802901E49F0C600ACB198 /* main.m in Sources */,
				D5348CD31E4C995D0007B9C7 /* DouDouRegisterViewController.m in Sources */,
				D52802C71E4A1AE300ACB198 /* DouDouBaseViewController.m in Sources */,
				D5AF80EC1E4B4C70006C7AF3 /* DouDouLoginViewController.m in Sources */,
				D52802CA1E4A1AF900ACB198 /* DouDouBaseTableViewController.m in Sources */,
			);
			runOnlyForDeploymentPostprocessing = 0;
		};
/* End PBXSourcesBuildPhase section */

/* Begin PBXVariantGroup section */
		D52802971E49F0C700ACB198 /* Main.storyboard */ = {
			isa = PBXVariantGroup;
			children = (
				D52802981E49F0C700ACB198 /* Base */,
			);
			name = Main.storyboard;
			sourceTree = "<group>";
		};
		D528029C1E49F0C700ACB198 /* LaunchScreen.storyboard */ = {
			isa = PBXVariantGroup;
			children = (
				D528029D1E49F0C700ACB198 /* Base */,
			);
			name = LaunchScreen.storyboard;
			sourceTree = "<group>";
		};
/* End PBXVariantGroup section */

/* Begin XCBuildConfiguration section */
		D52802A01E49F0C700ACB198 /* Debug */ = {
			isa = XCBuildConfiguration;
			buildSettings = {
				ALWAYS_SEARCH_USER_PATHS = NO;
				CLANG_CXX_LANGUAGE_STANDARD = "gnu++0x";
				CLANG_CXX_LIBRARY = "libc++";
				CLANG_ENABLE_MODULES = YES;
				CLANG_ENABLE_OBJC_ARC = YES;
				CLANG_WARN_BOOL_CONVERSION = YES;
				CLANG_WARN_CONSTANT_CONVERSION = YES;
				CLANG_WARN_DIRECT_OBJC_ISA_USAGE = YES_ERROR;
				CLANG_WARN_EMPTY_BODY = YES;
				CLANG_WARN_ENUM_CONVERSION = YES;
				CLANG_WARN_INT_CONVERSION = YES;
				CLANG_WARN_OBJC_ROOT_CLASS = YES_ERROR;
				CLANG_WARN_UNREACHABLE_CODE = YES;
				CLANG_WARN__DUPLICATE_METHOD_MATCH = YES;
				"CODE_SIGN_IDENTITY[sdk=iphoneos*]" = "iPhone Developer";
				COPY_PHASE_STRIP = NO;
				DEBUG_INFORMATION_FORMAT = dwarf;
				ENABLE_STRICT_OBJC_MSGSEND = YES;
				ENABLE_TESTABILITY = YES;
				GCC_C_LANGUAGE_STANDARD = gnu99;
				GCC_DYNAMIC_NO_PIC = NO;
				GCC_NO_COMMON_BLOCKS = YES;
				GCC_OPTIMIZATION_LEVEL = 0;
				GCC_PREPROCESSOR_DEFINITIONS = (
					"DEBUG=1",
					"$(inherited)",
				);
				GCC_WARN_64_TO_32_BIT_CONVERSION = YES;
				GCC_WARN_ABOUT_RETURN_TYPE = YES_ERROR;
				GCC_WARN_UNDECLARED_SELECTOR = YES;
				GCC_WARN_UNINITIALIZED_AUTOS = YES_AGGRESSIVE;
				GCC_WARN_UNUSED_FUNCTION = YES;
				GCC_WARN_UNUSED_VARIABLE = YES;
				IPHONEOS_DEPLOYMENT_TARGET = 9.2;
				MTL_ENABLE_DEBUG_INFO = YES;
				ONLY_ACTIVE_ARCH = YES;
				SDKROOT = iphoneos;
			};
			name = Debug;
		};
		D52802A11E49F0C700ACB198 /* Release */ = {
			isa = XCBuildConfiguration;
			buildSettings = {
				ALWAYS_SEARCH_USER_PATHS = NO;
				CLANG_CXX_LANGUAGE_STANDARD = "gnu++0x";
				CLANG_CXX_LIBRARY = "libc++";
				CLANG_ENABLE_MODULES = YES;
				CLANG_ENABLE_OBJC_ARC = YES;
				CLANG_WARN_BOOL_CONVERSION = YES;
				CLANG_WARN_CONSTANT_CONVERSION = YES;
				CLANG_WARN_DIRECT_OBJC_ISA_USAGE = YES_ERROR;
				CLANG_WARN_EMPTY_BODY = YES;
				CLANG_WARN_ENUM_CONVERSION = YES;
				CLANG_WARN_INT_CONVERSION = YES;
				CLANG_WARN_OBJC_ROOT_CLASS = YES_ERROR;
				CLANG_WARN_UNREACHABLE_CODE = YES;
				CLANG_WARN__DUPLICATE_METHOD_MATCH = YES;
				"CODE_SIGN_IDENTITY[sdk=iphoneos*]" = "iPhone Developer";
				COPY_PHASE_STRIP = NO;
				DEBUG_INFORMATION_FORMAT = "dwarf-with-dsym";
				ENABLE_NS_ASSERTIONS = NO;
				ENABLE_STRICT_OBJC_MSGSEND = YES;
				GCC_C_LANGUAGE_STANDARD = gnu99;
				GCC_NO_COMMON_BLOCKS = YES;
				GCC_WARN_64_TO_32_BIT_CONVERSION = YES;
				GCC_WARN_ABOUT_RETURN_TYPE = YES_ERROR;
				GCC_WARN_UNDECLARED_SELECTOR = YES;
				GCC_WARN_UNINITIALIZED_AUTOS = YES_AGGRESSIVE;
				GCC_WARN_UNUSED_FUNCTION = YES;
				GCC_WARN_UNUSED_VARIABLE = YES;
				IPHONEOS_DEPLOYMENT_TARGET = 9.2;
				MTL_ENABLE_DEBUG_INFO = NO;
				SDKROOT = iphoneos;
				VALIDATE_PRODUCT = YES;
			};
			name = Release;
		};
		D52802A31E49F0C700ACB198 /* Debug */ = {
			isa = XCBuildConfiguration;
			baseConfigurationReference = BDC15C8297CC9A9F9F13BE81 /* Pods-DouDouStopCar.debug.xcconfig */;
			buildSettings = {
				ASSETCATALOG_COMPILER_APPICON_NAME = AppIcon;
				GCC_PREFIX_HEADER = "${SRCROOT}/DouDouStopCar/DouDouStopCar-Prefix.pch";
				INFOPLIST_FILE = DouDouStopCar/Info.plist;
				LD_RUNPATH_SEARCH_PATHS = "$(inherited) @executable_path/Frameworks";
				PRODUCT_BUNDLE_IDENTIFIER = com.DouDouStopCar;
				PRODUCT_NAME = "$(TARGET_NAME)";
			};
			name = Debug;
		};
		D52802A41E49F0C700ACB198 /* Release */ = {
			isa = XCBuildConfiguration;
			baseConfigurationReference = 7F0E0DD1A60272981EB011D8 /* Pods-DouDouStopCar.release.xcconfig */;
			buildSettings = {
				ASSETCATALOG_COMPILER_APPICON_NAME = AppIcon;
				GCC_PREFIX_HEADER = "${SRCROOT}/DouDouStopCar/DouDouStopCar-Prefix.pch";
				INFOPLIST_FILE = DouDouStopCar/Info.plist;
				LD_RUNPATH_SEARCH_PATHS = "$(inherited) @executable_path/Frameworks";
				PRODUCT_BUNDLE_IDENTIFIER = com.DouDouStopCar;
				PRODUCT_NAME = "$(TARGET_NAME)";
			};
			name = Release;
		};
/* End XCBuildConfiguration section */

/* Begin XCConfigurationList section */
		D52802861E49F0C600ACB198 /* Build configuration list for PBXProject "DouDouStopCar" */ = {
			isa = XCConfigurationList;
			buildConfigurations = (
				D52802A01E49F0C700ACB198 /* Debug */,
				D52802A11E49F0C700ACB198 /* Release */,
			);
			defaultConfigurationIsVisible = 0;
			defaultConfigurationName = Release;
		};
		D52802A21E49F0C700ACB198 /* Build configuration list for PBXNativeTarget "DouDouStopCar" */ = {
			isa = XCConfigurationList;
			buildConfigurations = (
				D52802A31E49F0C700ACB198 /* Debug */,
				D52802A41E49F0C700ACB198 /* Release */,
			);
			defaultConfigurationIsVisible = 0;
			defaultConfigurationName = Release;
		};
/* End XCConfigurationList section */
	};
	rootObject = D52802831E49F0C600ACB198 /* Project object */;
}
